{
  "name": "wi-engraving",
  "version": "1.0.0",
  "lockfileVersion": 2,
  "requires": true,
  "packages": {
    "": {
      "name": "wi-engraving",
      "version": "1.0.0",
      "license": "ISC",
      "dependencies": {
        "@nylas/components-composer": "^0.0.34"
      }
    },
    "node_modules/@nylas/components-composer": {
      "version": "0.0.34",
      "resolved": "https://registry.npmjs.org/@nylas/components-composer/-/components-composer-0.0.34.tgz",
      "integrity": "sha512-Aqk6zJiWTeJBOyYGUdQSu5Hxl4X5UuSrlBAl2tT+V6xFV47G6Ke3n30C74bAVTHUb+s/PbQuWRDPPX66i8pCpQ=="
    }
  },
  "dependencies": {
    "@nylas/components-composer": {
      "version": "0.0.34",
      "resolved": "https://registry.npmjs.org/@nylas/components-composer/-/components-composer-0.0.34.tgz",
      "integrity": "sha512-Aqk6zJiWTeJBOyYGUdQSu5Hxl4X5UuSrlBAl2tT+V6xFV47G6Ke3n30C74bAVTHUb+s/PbQuWRDPPX66i8pCpQ=="
    }
  }
}
